{
  "name": "actions-monorepo-poc",
  "lockfileVersion": 3,
  "requires": true,
  "packages": {
    "": {
      "name": "actions-monorepo-poc",
      "license": "Apache-2.0",
      "workspaces": [
        "packages/*"
      ]
    },
    "node_modules/create-ephemeral-environment": {
      "resolved": "packages/create-ephemeral-environment",
      "link": true
    },
    "node_modules/deploy-release-action": {
      "resolved": "packages/deploy-release-action",
      "link": true
    },
    "packages/create-ephemeral-environment": {
      "version": "1.0.0",
      "license": "ISC"
    },
    "packages/deploy-release-action": {
      "version": "1.0.0",
      "license": "ISC",
      "devDependencies": {}
    }
  }
}
